
Microsoft Visual Studio Solution File, Format Version 12.00
# Visual Studio Version 17
VisualStudioVersion = 17.0.31903.59
MinimumVisualStudioVersion = 10.0.40219.1
Project("{9A19103F-16F7-4668-BE54-9A1E7A4F7556}") = "Mdfmt", "Mdfmt\Mdfmt.csproj", "{D74799D9-44EB-4D86-A737-0D1EAD3A5A3E}"
EndProject
Project("{2150E333-8FDC-42A3-9474-1A3956D46DE8}") = "Tests", "Tests", "{38E87D61-EAD8-4A0E-93BB-4BB72A11AFB6}"
EndProject
Project("{FAE04EC0-301F-11D3-BF4B-00C04F79EFBC}") = "Integration.Mdfmt", "Tests\Integration.Mdfmt\Integration.Mdfmt.csproj", "{93595445-3EB2-476C-906E-76313C9BD3FD}"
EndProject
Project("{FAE04EC0-301F-11D3-BF4B-00C04F79EFBC}") = "Unit.Mdfmt", "Tests\Unit.Mdfmt\Unit.Mdfmt.csproj", "{5D5AA1A7-548E-40D4-AE35-B704F090D120}"
EndProject
Global
	GlobalSection(SolutionConfigurationPlatforms) = preSolution
		Debug|Any CPU = Debug|Any CPU
		Release|Any CPU = Release|Any CPU
	EndGlobalSection
	GlobalSection(ProjectConfigurationPlatforms) = postSolution
		{D74799D9-44EB-4D86-A737-0D1EAD3A5A3E}.Debug|Any CPU.ActiveCfg = Debug|Any CPU
		{D74799D9-44EB-4D86-A737-0D1EAD3A5A3E}.Debug|Any CPU.Build.0 = Debug|Any CPU
		{D74799D9-44EB-4D86-A737-0D1EAD3A5A3E}.Release|Any CPU.ActiveCfg = Release|Any CPU
		{D74799D9-44EB-4D86-A737-0D1EAD3A5A3E}.Release|Any CPU.Build.0 = Release|Any CPU
		{93595445-3EB2-476C-906E-76313C9BD3FD}.Debug|Any CPU.ActiveCfg = Debug|Any CPU
		{93595445-3EB2-476C-906E-76313C9BD3FD}.Debug|Any CPU.Build.0 = Debug|Any CPU
		{93595445-3EB2-476C-906E-76313C9BD3FD}.Release|Any CPU.ActiveCfg = Release|Any CPU
		{93595445-3EB2-476C-906E-76313C9BD3FD}.Release|Any CPU.Build.0 = Release|Any CPU
		{5D5AA1A7-548E-40D4-AE35-B704F090D120}.Debug|Any CPU.ActiveCfg = Debug|Any CPU
		{5D5AA1A7-548E-40D4-AE35-B704F090D120}.Debug|Any CPU.Build.0 = Debug|Any CPU
		{5D5AA1A7-548E-40D4-AE35-B704F090D120}.Release|Any CPU.ActiveCfg = Release|Any CPU
		{5D5AA1A7-548E-40D4-AE35-B704F090D120}.Release|Any CPU.Build.0 = Release|Any CPU
	EndGlobalSection
	GlobalSection(SolutionProperties) = preSolution
		HideSolutionNode = FALSE
	EndGlobalSection
	GlobalSection(ExtensibilityGlobals) = postSolution
		SolutionGuid = {BC3C566F-059A-4489-A3C4-E165A6851BF8}
	EndGlobalSection
	GlobalSection(NestedProjects) = preSolution
		{93595445-3EB2-476C-906E-76313C9BD3FD} = {38E87D61-EAD8-4A0E-93BB-4BB72A11AFB6}
		{5D5AA1A7-548E-40D4-AE35-B704F090D120} = {38E87D61-EAD8-4A0E-93BB-4BB72A11AFB6}
	EndGlobalSection
EndGlobal
